
Microsoft Visual Studio Solution File, Format Version 12.00
# Visual Studio Version 16
VisualStudioVersion = 16.0.29509.3
MinimumVisualStudioVersion = 10.0.40219.1
Project("{9A19103F-16F7-4668-BE54-9A1E7A4F7556}") = "PocketSql.Lib", "PocketSql.Lib\PocketSql.Lib.csproj", "{58C3D4E7-91A9-4053-AD92-33025B5E799B}"
EndProject
Project("{FAE04EC0-301F-11D3-BF4B-00C04F79EFBC}") = "PocketSql.Tests", "PocketSql.Tests\PocketSql.Tests.csproj", "{CA179FFC-9097-4C2C-896B-EAA9C505CC79}"
EndProject
Global
	GlobalSection(SolutionConfigurationPlatforms) = preSolution
		Debug|Any CPU = Debug|Any CPU
		Release|Any CPU = Release|Any CPU
	EndGlobalSection
	GlobalSection(ProjectConfigurationPlatforms) = postSolution
		{58C3D4E7-91A9-4053-AD92-33025B5E799B}.Debug|Any CPU.ActiveCfg = Debug|Any CPU
		{58C3D4E7-91A9-4053-AD92-33025B5E799B}.Debug|Any CPU.Build.0 = Debug|Any CPU
		{58C3D4E7-91A9-4053-AD92-33025B5E799B}.Release|Any CPU.ActiveCfg = Release|Any CPU
		{58C3D4E7-91A9-4053-AD92-33025B5E799B}.Release|Any CPU.Build.0 = Release|Any CPU
		{CA179FFC-9097-4C2C-896B-EAA9C505CC79}.Debug|Any CPU.ActiveCfg = Debug|Any CPU
		{CA179FFC-9097-4C2C-896B-EAA9C505CC79}.Debug|Any CPU.Build.0 = Debug|Any CPU
		{CA179FFC-9097-4C2C-896B-EAA9C505CC79}.Release|Any CPU.ActiveCfg = Release|Any CPU
		{CA179FFC-9097-4C2C-896B-EAA9C505CC79}.Release|Any CPU.Build.0 = Release|Any CPU
	EndGlobalSection
	GlobalSection(SolutionProperties) = preSolution
		HideSolutionNode = FALSE
	EndGlobalSection
	GlobalSection(ExtensibilityGlobals) = postSolution
		SolutionGuid = {C246E0D2-A0CD-4517-A87D-F42351C3D07E}
	EndGlobalSection
EndGlobal
